
Microsoft Visual Studio Solution File, Format Version 12.00
# Visual Studio 14
VisualStudioVersion = 14.0.22823.1
MinimumVisualStudioVersion = 10.0.40219.1
Project("{8BC9CEB8-8B4A-11D0-8D11-00A0C91BC942}") = "BloodCore", "BloodCore\BloodCore.vcxproj", "{2214C536-AF90-499C-A5C5-0639C01DF83D}"
EndProject
Project("{8BC9CEB8-8B4A-11D0-8D11-00A0C91BC942}") = "BloodApp", "BloodApp\BloodApp.vcxproj", "{B6D0244D-81B0-43F8-A6E6-9DE5032EB7C4}"
	ProjectSection(ProjectDependencies) = postProject
		{2214C536-AF90-499C-A5C5-0639C01DF83D} = {2214C536-AF90-499C-A5C5-0639C01DF83D}
		{56090F62-DA81-48E6-9227-DABB3F76C530} = {56090F62-DA81-48E6-9227-DABB3F76C530}
	EndProjectSection
EndProject
Project("{8BC9CEB8-8B4A-11D0-8D11-00A0C91BC942}") = "BloodRender_9", "BloodRender_9\BloodRender_9.vcxproj", "{FF8DE7BB-AD50-47D5-A08F-AAE44C8C914A}"
	ProjectSection(ProjectDependencies) = postProject
		{2214C536-AF90-499C-A5C5-0639C01DF83D} = {2214C536-AF90-499C-A5C5-0639C01DF83D}
	EndProjectSection
EndProject
Project("{8BC9CEB8-8B4A-11D0-8D11-00A0C91BC942}") = "BloodRender_11.1", "BloodRender_11.1\BloodRender_11.1.vcxproj", "{56090F62-DA81-48E6-9227-DABB3F76C530}"
	ProjectSection(ProjectDependencies) = postProject
		{2214C536-AF90-499C-A5C5-0639C01DF83D} = {2214C536-AF90-499C-A5C5-0639C01DF83D}
	EndProjectSection
EndProject
Project("{8BC9CEB8-8B4A-11D0-8D11-00A0C91BC942}") = "BloodEditor", "BloodEditor\BloodEditor.vcxproj", "{81C7DF2D-0239-486C-A9DD-2667D69B75ED}"
	ProjectSection(ProjectDependencies) = postProject
		{2214C536-AF90-499C-A5C5-0639C01DF83D} = {2214C536-AF90-499C-A5C5-0639C01DF83D}
		{56090F62-DA81-48E6-9227-DABB3F76C530} = {56090F62-DA81-48E6-9227-DABB3F76C530}
	EndProjectSection
EndProject
Global
	GlobalSection(SolutionConfigurationPlatforms) = preSolution
		Debug|x86 = Debug|x86
		Release|x86 = Release|x86
	EndGlobalSection
	GlobalSection(ProjectConfigurationPlatforms) = postSolution
		{2214C536-AF90-499C-A5C5-0639C01DF83D}.Debug|x86.ActiveCfg = Debug|Win32
		{2214C536-AF90-499C-A5C5-0639C01DF83D}.Debug|x86.Build.0 = Debug|Win32
		{2214C536-AF90-499C-A5C5-0639C01DF83D}.Release|x86.ActiveCfg = Release|Win32
		{2214C536-AF90-499C-A5C5-0639C01DF83D}.Release|x86.Build.0 = Release|Win32
		{B6D0244D-81B0-43F8-A6E6-9DE5032EB7C4}.Debug|x86.ActiveCfg = Debug|Win32
		{B6D0244D-81B0-43F8-A6E6-9DE5032EB7C4}.Debug|x86.Build.0 = Debug|Win32
		{B6D0244D-81B0-43F8-A6E6-9DE5032EB7C4}.Release|x86.ActiveCfg = Release|Win32
		{B6D0244D-81B0-43F8-A6E6-9DE5032EB7C4}.Release|x86.Build.0 = Release|Win32
		{FF8DE7BB-AD50-47D5-A08F-AAE44C8C914A}.Debug|x86.ActiveCfg = Debug|Win32
		{FF8DE7BB-AD50-47D5-A08F-AAE44C8C914A}.Debug|x86.Build.0 = Debug|Win32
		{FF8DE7BB-AD50-47D5-A08F-AAE44C8C914A}.Release|x86.ActiveCfg = Release|Win32
		{FF8DE7BB-AD50-47D5-A08F-AAE44C8C914A}.Release|x86.Build.0 = Release|Win32
		{56090F62-DA81-48E6-9227-DABB3F76C530}.Debug|x86.ActiveCfg = Debug|Win32
		{56090F62-DA81-48E6-9227-DABB3F76C530}.Debug|x86.Build.0 = Debug|Win32
		{56090F62-DA81-48E6-9227-DABB3F76C530}.Release|x86.ActiveCfg = Release|Win32
		{56090F62-DA81-48E6-9227-DABB3F76C530}.Release|x86.Build.0 = Release|Win32
		{81C7DF2D-0239-486C-A9DD-2667D69B75ED}.Debug|x86.ActiveCfg = Debug|Win32
		{81C7DF2D-0239-486C-A9DD-2667D69B75ED}.Debug|x86.Build.0 = Debug|Win32
		{81C7DF2D-0239-486C-A9DD-2667D69B75ED}.Release|x86.ActiveCfg = Release|Win32
		{81C7DF2D-0239-486C-A9DD-2667D69B75ED}.Release|x86.Build.0 = Release|Win32
	EndGlobalSection
	GlobalSection(SolutionProperties) = preSolution
		HideSolutionNode = FALSE
	EndGlobalSection
EndGlobal
