<?xml version="1.0" encoding="utf-8"?>
<Project ToolsVersion="4.0" xmlns="http://schemas.microsoft.com/developer/msbuild/2003">
  <ItemGroup>
    <Filter Include="Source Files">
      <UniqueIdentifier>{4FC737F1-C7A5-4376-A066-2A32D752A2FF}</UniqueIdentifier>
      <Extensions>cpp;c;cc;cxx;def;odl;idl;hpj;bat;asm;asmx</Extensions>
    </Filter>
    <Filter Include="Source Files\Scene">
      <UniqueIdentifier>{fdd77a7c-b02f-4a37-b773-818350d2582e}</UniqueIdentifier>
    </Filter>
    <Filter Include="Source Files\Scene\Object">
      <UniqueIdentifier>{3e0980c1-abc6-4400-97d1-025eb5c07772}</UniqueIdentifier>
    </Filter>
    <Filter Include="Source Files\Scene\Object\Component">
      <UniqueIdentifier>{50c410cb-05cb-42bf-97d3-207e064a5fc6}</UniqueIdentifier>
    </Filter>
    <Filter Include="Source Files\Systems">
      <UniqueIdentifier>{5fc365a4-e977-477d-92df-f6951a60ab80}</UniqueIdentifier>
    </Filter>
    <Filter Include="Source Files\Systems\Input">
      <UniqueIdentifier>{bce23ad0-c8d9-4313-8acd-3852ee627861}</UniqueIdentifier>
    </Filter>
    <Filter Include="Source Files\Systems\Graphic">
      <UniqueIdentifier>{29386e55-f554-4047-a4da-df9a967798aa}</UniqueIdentifier>
    </Filter>
    <Filter Include="Source Files\Systems\File system">
      <UniqueIdentifier>{321e7fc5-7c47-4eba-a715-7876eb40a544}</UniqueIdentifier>
    </Filter>
    <Filter Include="Source Files\Systems\File system\Serializer">
      <UniqueIdentifier>{5d26bb79-81cf-4ff5-96ff-0165c8f04e6a}</UniqueIdentifier>
    </Filter>
    <Filter Include="Source Files\Systems\File system\Format">
      <UniqueIdentifier>{26086526-af14-4ff9-ab05-d3f8b9fcf1fb}</UniqueIdentifier>
    </Filter>
    <Filter Include="Source Files\Systems\File system\Format\File">
      <UniqueIdentifier>{95b98cc3-4175-42a1-b7cf-85a97a5462e9}</UniqueIdentifier>
    </Filter>
    <Filter Include="Source Files\Systems\File system\Format\Folder">
      <UniqueIdentifier>{60052f27-8b5d-4d0a-8dc6-7e07795a5583}</UniqueIdentifier>
    </Filter>
    <Filter Include="Source Files\Systems\Graphic\Buffers">
      <UniqueIdentifier>{deb0ceb2-5218-419a-810d-0aae6a8750b4}</UniqueIdentifier>
    </Filter>
    <Filter Include="Source Files\Math">
      <UniqueIdentifier>{388d1194-154b-45ef-9017-b1d0a0e00522}</UniqueIdentifier>
    </Filter>
  </ItemGroup>
  <ItemGroup>
    <ClInclude Include="include\Dex.h">
      <Filter>Source Files</Filter>
    </ClInclude>
    <ClInclude Include="include\DexCommon.h">
      <Filter>Source Files</Filter>
    </ClInclude>
    <ClInclude Include="include\DexPreCompletion.h">
      <Filter>Source Files</Filter>
    </ClInclude>
    <ClInclude Include="include\DexRenderConnect.h">
      <Filter>Source Files\Systems\Graphic</Filter>
    </ClInclude>
    <ClInclude Include="include\DexHardwareBufferData.h">
      <Filter>Source Files\Systems\Graphic\Buffers</Filter>
    </ClInclude>
    <ClInclude Include="include\DexRenderSystem.h">
      <Filter>Source Files\Systems\Graphic</Filter>
    </ClInclude>
    <ClInclude Include="include\DexRenderWindow.h">
      <Filter>Source Files\Systems\Graphic</Filter>
    </ClInclude>
    <ClInclude Include="include\DexInputSystem.h">
      <Filter>Source Files\Systems\Input</Filter>
    </ClInclude>
    <ClInclude Include="include\DexInputDevice.h">
      <Filter>Source Files\Systems\Input</Filter>
    </ClInclude>
    <ClInclude Include="include\DexInputStruct.h">
      <Filter>Source Files\Systems\Input</Filter>
    </ClInclude>
    <ClInclude Include="include\DexMeshStruct.h">
      <Filter>Source Files\Systems\File system\Serializer</Filter>
    </ClInclude>
    <ClInclude Include="include\DexCameraComponent.h">
      <Filter>Source Files\Scene\Object\Component</Filter>
    </ClInclude>
    <ClInclude Include="include\DexLightComponent.h">
      <Filter>Source Files\Scene\Object\Component</Filter>
    </ClInclude>
    <ClInclude Include="include\DexRenderComponent.h">
      <Filter>Source Files\Scene\Object\Component</Filter>
    </ClInclude>
    <ClInclude Include="include\DexSceneObject.h">
      <Filter>Source Files\Scene\Object</Filter>
    </ClInclude>
    <ClInclude Include="include\DexScene.h">
      <Filter>Source Files\Scene</Filter>
    </ClInclude>
    <ClInclude Include="include\DexSystem.h">
      <Filter>Source Files\Systems</Filter>
    </ClInclude>
    <ClInclude Include="include\DexFileSystem.h">
      <Filter>Source Files\Systems\File system</Filter>
    </ClInclude>
    <ClInclude Include="include\DexCoreComponent.h">
      <Filter>Source Files\Scene\Object\Component</Filter>
    </ClInclude>
    <ClInclude Include="include\DexCoreFile.h">
      <Filter>Source Files\Systems\File system\Format</Filter>
    </ClInclude>
    <ClInclude Include="include\DexFolder.h">
      <Filter>Source Files\Systems\File system\Format\Folder</Filter>
    </ClInclude>
    <ClInclude Include="include\DexSerializer.h">
      <Filter>Source Files\Systems\File system</Filter>
    </ClInclude>
    <ClInclude Include="include\DexBuffer.h">
      <Filter>Source Files\Systems\Graphic\Buffers</Filter>
    </ClInclude>
    <ClInclude Include="include\DexVertexBuffer.h">
      <Filter>Source Files\Systems\Graphic\Buffers</Filter>
    </ClInclude>
    <ClInclude Include="include\DexIndexBuffer.h">
      <Filter>Source Files\Systems\Graphic\Buffers</Filter>
    </ClInclude>
    <ClInclude Include="include\DexFile.h">
      <Filter>Source Files\Systems\File system\Format\File</Filter>
    </ClInclude>
    <ClInclude Include="include\DexShaderStructures.h">
      <Filter>Source Files\Systems\Graphic</Filter>
    </ClInclude>
    <ClInclude Include="include\DexStringConverter.h">
      <Filter>Source Files</Filter>
    </ClInclude>
    <ClInclude Include="include\DexConfigFile.h">
      <Filter>Source Files</Filter>
    </ClInclude>
    <ClInclude Include="include\DexCore.h">
      <Filter>Source Files</Filter>
    </ClInclude>
    <ClInclude Include="include\DexCoreObject.h">
      <Filter>Source Files</Filter>
    </ClInclude>
    <ClInclude Include="include\DexDynamicLibrary.h">
      <Filter>Source Files</Filter>
    </ClInclude>
    <ClInclude Include="include\DexIndexedArray.h">
      <Filter>Source Files</Filter>
    </ClInclude>
    <ClInclude Include="include\DexStream.h">
      <Filter>Source Files</Filter>
    </ClInclude>
    <ClInclude Include="include\DexMath.h">
      <Filter>Source Files\Math</Filter>
    </ClInclude>
    <ClInclude Include="include\DexMatrix.h">
      <Filter>Source Files\Math</Filter>
    </ClInclude>
    <ClInclude Include="include\DexMathFunction.h">
      <Filter>Source Files\Math</Filter>
    </ClInclude>
    <ClInclude Include="include\DexPoint.h">
      <Filter>Source Files\Math</Filter>
    </ClInclude>
    <ClInclude Include="include\DexMathConst.h">
      <Filter>Source Files\Math</Filter>
    </ClInclude>
  </ItemGroup>
  <ItemGroup>
    <ClCompile Include="src\DexRenderConnect.cpp">
      <Filter>Source Files\Systems\Graphic</Filter>
    </ClCompile>
    <ClCompile Include="src\DexHardwareBufferData.cpp">
      <Filter>Source Files\Systems\Graphic\Buffers</Filter>
    </ClCompile>
    <ClCompile Include="src\DexRenderSystem.cpp">
      <Filter>Source Files\Systems\Graphic</Filter>
    </ClCompile>
    <ClCompile Include="src\DexRenderWindow.cpp">
      <Filter>Source Files\Systems\Graphic</Filter>
    </ClCompile>
    <ClCompile Include="src\DexInputDevice.cpp">
      <Filter>Source Files\Systems\Input</Filter>
    </ClCompile>
    <ClCompile Include="src\DexInputSystem.cpp">
      <Filter>Source Files\Systems\Input</Filter>
    </ClCompile>
    <ClCompile Include="src\DexCameraComponent.cpp">
      <Filter>Source Files\Scene\Object\Component</Filter>
    </ClCompile>
    <ClCompile Include="src\DexLightComponent.cpp">
      <Filter>Source Files\Scene\Object\Component</Filter>
    </ClCompile>
    <ClCompile Include="src\DexRenderComponent.cpp">
      <Filter>Source Files\Scene\Object\Component</Filter>
    </ClCompile>
    <ClCompile Include="src\DexSceneObject.cpp">
      <Filter>Source Files\Scene\Object</Filter>
    </ClCompile>
    <ClCompile Include="src\DexScene.cpp">
      <Filter>Source Files\Scene</Filter>
    </ClCompile>
    <ClCompile Include="src\DexSystem.cpp">
      <Filter>Source Files\Systems</Filter>
    </ClCompile>
    <ClCompile Include="src\DexPreCompletion.cpp">
      <Filter>Source Files</Filter>
    </ClCompile>
    <ClCompile Include="src\DexFileSystem.cpp">
      <Filter>Source Files\Systems\File system</Filter>
    </ClCompile>
    <ClCompile Include="src\DexCoreComponent.cpp">
      <Filter>Source Files\Scene\Object\Component</Filter>
    </ClCompile>
    <ClCompile Include="src\DexCoreFile.cpp">
      <Filter>Source Files\Systems\File system\Format</Filter>
    </ClCompile>
    <ClCompile Include="src\DexFolder.cpp">
      <Filter>Source Files\Systems\File system\Format\Folder</Filter>
    </ClCompile>
    <ClCompile Include="src\DexSerializer.cpp">
      <Filter>Source Files\Systems\File system</Filter>
    </ClCompile>
    <ClCompile Include="src\DexVertexBuffer.cpp">
      <Filter>Source Files\Systems\Graphic\Buffers</Filter>
    </ClCompile>
    <ClCompile Include="src\DexIndexBuffer.cpp">
      <Filter>Source Files\Systems\Graphic\Buffers</Filter>
    </ClCompile>
    <ClCompile Include="src\DexFile.cpp">
      <Filter>Source Files\Systems\File system\Format\File</Filter>
    </ClCompile>
    <ClCompile Include="src\DexConfigFile.cpp">
      <Filter>Source Files</Filter>
    </ClCompile>
    <ClCompile Include="src\DexCore.cpp">
      <Filter>Source Files</Filter>
    </ClCompile>
    <ClCompile Include="src\DexCoreObject.cpp">
      <Filter>Source Files</Filter>
    </ClCompile>
    <ClCompile Include="src\DexDynamicLibrary.cpp">
      <Filter>Source Files</Filter>
    </ClCompile>
    <ClCompile Include="src\DexStream.cpp">
      <Filter>Source Files</Filter>
    </ClCompile>
    <ClCompile Include="src\DexStringConverter.cpp">
      <Filter>Source Files</Filter>
    </ClCompile>
    <ClCompile Include="src\DexPoint.cpp">
      <Filter>Source Files\Math</Filter>
    </ClCompile>
    <ClCompile Include="src\DexMatrix.cpp">
      <Filter>Source Files\Math</Filter>
    </ClCompile>
  </ItemGroup>
</Project>