<?xml version="1.0" encoding="utf-8"?>
<Project ToolsVersion="4.0" xmlns="http://schemas.microsoft.com/developer/msbuild/2003">
  <ItemGroup>
    <Filter Include="Source Files">
      <UniqueIdentifier>{4FC737F1-C7A5-4376-A066-2A32D752A2FF}</UniqueIdentifier>
      <Extensions>cpp;c;cc;cxx;def;odl;idl;hpj;bat;asm;asmx</Extensions>
    </Filter>
  </ItemGroup>
  <ItemGroup>
    <ClCompile Include="src\DexEnterPointD3D9.cpp">
      <Filter>Source Files</Filter>
    </ClCompile>
    <ClCompile Include="src\DexPreCompletionD3D9.cpp">
      <Filter>Source Files</Filter>
    </ClCompile>
    <ClCompile Include="src\DexRenderSystemD3D9.cpp">
      <Filter>Source Files</Filter>
    </ClCompile>
    <ClCompile Include="src\DexRenderAdapterD3D9.cpp">
      <Filter>Source Files</Filter>
    </ClCompile>
    <ClCompile Include="src\DexRenderComponentD3D9.cpp">
      <Filter>Source Files</Filter>
    </ClCompile>
    <ClCompile Include="src\DexRenderWindowD3D9.cpp">
      <Filter>Source Files</Filter>
    </ClCompile>
  </ItemGroup>
  <ItemGroup>
    <ClInclude Include="include\DexPreCompletionD3D9.h">
      <Filter>Source Files</Filter>
    </ClInclude>
    <ClInclude Include="include\DexRenderSystemD3D9.h">
      <Filter>Source Files</Filter>
    </ClInclude>
    <ClInclude Include="include\DexRenderAdapterD3D9.h">
      <Filter>Source Files</Filter>
    </ClInclude>
    <ClInclude Include="include\DexRenderComponentD3D9.h">
      <Filter>Source Files</Filter>
    </ClInclude>
    <ClInclude Include="include\DexRenderWindowD3D9.h">
      <Filter>Source Files</Filter>
    </ClInclude>
  </ItemGroup>
</Project>